
Microsoft Visual Studio Solution File, Format Version 12.00
Project("{FAE04EC0-301F-11D3-BF4B-00C04F79EFBC}") = "CombinationApp", "CombinationApp\CombinationApp.csproj", "{87A2C19F-79C8-4075-AE73-719F229F5D5C}"
EndProject
Global
	GlobalSection(SolutionConfigurationPlatforms) = preSolution
		Debug|Any CPU = Debug|Any CPU
		Release|Any CPU = Release|Any CPU
	EndGlobalSection
	GlobalSection(ProjectConfigurationPlatforms) = postSolution
		{87A2C19F-79C8-4075-AE73-719F229F5D5C}.Debug|Any CPU.ActiveCfg = Debug|Any CPU
		{87A2C19F-79C8-4075-AE73-719F229F5D5C}.Debug|Any CPU.Build.0 = Debug|Any CPU
		{87A2C19F-79C8-4075-AE73-719F229F5D5C}.Release|Any CPU.ActiveCfg = Release|Any CPU
		{87A2C19F-79C8-4075-AE73-719F229F5D5C}.Release|Any CPU.Build.0 = Release|Any CPU
	EndGlobalSection
EndGlobal
